<?xml version="1.0" encoding="utf-8"?>
<Project ToolsVersion="4.0" xmlns="http://schemas.microsoft.com/developer/msbuild/2003">
  <ItemGroup>
    <Filter Include="Файлы исходного кода">
      <UniqueIdentifier>{4FC737F1-C7A5-4376-A066-2A32D752A2FF}</UniqueIdentifier>
      <Extensions>cpp;c;cc;cxx;def;odl;idl;hpj;bat;asm;asmx</Extensions>
    </Filter>
    <Filter Include="Заголовочные файлы">
      <UniqueIdentifier>{93995380-89BD-4b04-88EB-625FBE52EBFB}</UniqueIdentifier>
      <Extensions>h;hpp;hxx;hm;inl;inc;xsd</Extensions>
    </Filter>
  </ItemGroup>
  <ItemGroup>
    <ClInclude Include="swedate.h">
      <Filter>Заголовочные файлы</Filter>
    </ClInclude>
    <ClInclude Include="swehouse.h">
      <Filter>Заголовочные файлы</Filter>
    </ClInclude>
    <ClInclude Include="swejpl.h">
      <Filter>Заголовочные файлы</Filter>
    </ClInclude>
    <ClInclude Include="swenut2000a.h">
      <Filter>Заголовочные файлы</Filter>
    </ClInclude>
    <ClInclude Include="sweodef.h">
      <Filter>Заголовочные файлы</Filter>
    </ClInclude>
    <ClInclude Include="swepcalc.h">
      <Filter>Заголовочные файлы</Filter>
    </ClInclude>
    <ClInclude Include="sweph.h">
      <Filter>Заголовочные файлы</Filter>
    </ClInclude>
    <ClInclude Include="swephexp.h">
      <Filter>Заголовочные файлы</Filter>
    </ClInclude>
    <ClInclude Include="swephlib.h">
      <Filter>Заголовочные файлы</Filter>
    </ClInclude>
  </ItemGroup>
  <ItemGroup>
    <ClCompile Include="swecl.c">
      <Filter>Файлы исходного кода</Filter>
    </ClCompile>
    <ClCompile Include="swedate.c">
      <Filter>Файлы исходного кода</Filter>
    </ClCompile>
    <ClCompile Include="swedllst.c">
      <Filter>Файлы исходного кода</Filter>
    </ClCompile>
    <ClCompile Include="swehel.c">
      <Filter>Файлы исходного кода</Filter>
    </ClCompile>
    <ClCompile Include="swehouse.c">
      <Filter>Файлы исходного кода</Filter>
    </ClCompile>
    <ClCompile Include="swejpl.c">
      <Filter>Файлы исходного кода</Filter>
    </ClCompile>
    <ClCompile Include="swemmoon.c">
      <Filter>Файлы исходного кода</Filter>
    </ClCompile>
    <ClCompile Include="swemplan.c">
      <Filter>Файлы исходного кода</Filter>
    </ClCompile>
    <ClCompile Include="swepcalc.c">
      <Filter>Файлы исходного кода</Filter>
    </ClCompile>
    <ClCompile Include="sweph.c">
      <Filter>Файлы исходного кода</Filter>
    </ClCompile>
    <ClCompile Include="swephlib.c">
      <Filter>Файлы исходного кода</Filter>
    </ClCompile>
  </ItemGroup>
</Project>